
Microsoft Visual Studio Solution File, Format Version 12.00
# Visual Studio Version 16
VisualStudioVersion = 16.0.29709.97
MinimumVisualStudioVersion = 10.0.40219.1
Project("{FAE04EC0-301F-11D3-BF4B-00C04F79EFBC}") = "munja", "munja\munja.csproj", "{38330659-99F0-41E6-B559-924A6447A21B}"
EndProject
Global
	GlobalSection(SolutionConfigurationPlatforms) = preSolution
		Debug|Any CPU = Debug|Any CPU
		Release|Any CPU = Release|Any CPU
	EndGlobalSection
	GlobalSection(ProjectConfigurationPlatforms) = postSolution
		{38330659-99F0-41E6-B559-924A6447A21B}.Debug|Any CPU.ActiveCfg = Debug|Any CPU
		{38330659-99F0-41E6-B559-924A6447A21B}.Debug|Any CPU.Build.0 = Debug|Any CPU
		{38330659-99F0-41E6-B559-924A6447A21B}.Release|Any CPU.ActiveCfg = Release|Any CPU
		{38330659-99F0-41E6-B559-924A6447A21B}.Release|Any CPU.Build.0 = Release|Any CPU
	EndGlobalSection
	GlobalSection(SolutionProperties) = preSolution
		HideSolutionNode = FALSE
	EndGlobalSection
	GlobalSection(ExtensibilityGlobals) = postSolution
		SolutionGuid = {77E07D49-2204-4FE9-96AA-5B5C9889F5CA}
	EndGlobalSection
EndGlobal
